
Microsoft Visual Studio Solution File, Format Version 12.00
# Visual Studio 14
VisualStudioVersion = 14.0.25420.1
MinimumVisualStudioVersion = 10.0.40219.1
Project("{FAE04EC0-301F-11D3-BF4B-00C04F79EFBC}") = "App1", "App1\App1\App1.csproj", "{14CAB9DE-2537-46F6-B95B-4A3D4165872D}"
EndProject
Project("{FAE04EC0-301F-11D3-BF4B-00C04F79EFBC}") = "App1.Droid", "App1\App1.Droid\App1.Droid.csproj", "{2E4F42AC-0579-4001-801E-426DB9CE4D97}"
EndProject
Project("{FAE04EC0-301F-11D3-BF4B-00C04F79EFBC}") = "App1.iOS", "App1\App1.iOS\App1.iOS.csproj", "{6FE94958-58F3-4372-857B-3C94B93B80AD}"
EndProject
Project("{FAE04EC0-301F-11D3-BF4B-00C04F79EFBC}") = "App1.WinPhone", "App1\App1.WinPhone\App1.WinPhone.csproj", "{579234F9-40E2-49A3-8027-87356C519736}"
EndProject
Project("{FAE04EC0-301F-11D3-BF4B-00C04F79EFBC}") = "App1.Windows", "App1\App1.Windows\App1.Windows.csproj", "{7C902F2E-CF71-4709-93C3-82E1594589C9}"
EndProject
Global
	GlobalSection(SolutionConfigurationPlatforms) = preSolution
		Ad-Hoc|Any CPU = Ad-Hoc|Any CPU
		Ad-Hoc|ARM = Ad-Hoc|ARM
		Ad-Hoc|iPhone = Ad-Hoc|iPhone
		Ad-Hoc|iPhoneSimulator = Ad-Hoc|iPhoneSimulator
		Ad-Hoc|x64 = Ad-Hoc|x64
		Ad-Hoc|x86 = Ad-Hoc|x86
		AppStore|Any CPU = AppStore|Any CPU
		AppStore|ARM = AppStore|ARM
		AppStore|iPhone = AppStore|iPhone
		AppStore|iPhoneSimulator = AppStore|iPhoneSimulator
		AppStore|x64 = AppStore|x64
		AppStore|x86 = AppStore|x86
		Debug|Any CPU = Debug|Any CPU
		Debug|ARM = Debug|ARM
		Debug|iPhone = Debug|iPhone
		Debug|iPhoneSimulator = Debug|iPhoneSimulator
		Debug|x64 = Debug|x64
		Debug|x86 = Debug|x86
		Release|Any CPU = Release|Any CPU
		Release|ARM = Release|ARM
		Release|iPhone = Release|iPhone
		Release|iPhoneSimulator = Release|iPhoneSimulator
		Release|x64 = Release|x64
		Release|x86 = Release|x86
	EndGlobalSection
	GlobalSection(ProjectConfigurationPlatforms) = postSolution
		{14CAB9DE-2537-46F6-B95B-4A3D4165872D}.Ad-Hoc|Any CPU.ActiveCfg = Release|Any CPU
		{14CAB9DE-2537-46F6-B95B-4A3D4165872D}.Ad-Hoc|Any CPU.Build.0 = Release|Any CPU
		{14CAB9DE-2537-46F6-B95B-4A3D4165872D}.Ad-Hoc|ARM.ActiveCfg = Release|Any CPU
		{14CAB9DE-2537-46F6-B95B-4A3D4165872D}.Ad-Hoc|ARM.Build.0 = Release|Any CPU
		{14CAB9DE-2537-46F6-B95B-4A3D4165872D}.Ad-Hoc|iPhone.ActiveCfg = Release|Any CPU
		{14CAB9DE-2537-46F6-B95B-4A3D4165872D}.Ad-Hoc|iPhone.Build.0 = Release|Any CPU
		{14CAB9DE-2537-46F6-B95B-4A3D4165872D}.Ad-Hoc|iPhoneSimulator.ActiveCfg = Release|Any CPU
		{14CAB9DE-2537-46F6-B95B-4A3D4165872D}.Ad-Hoc|iPhoneSimulator.Build.0 = Release|Any CPU
		{14CAB9DE-2537-46F6-B95B-4A3D4165872D}.Ad-Hoc|x64.ActiveCfg = Release|Any CPU
		{14CAB9DE-2537-46F6-B95B-4A3D4165872D}.Ad-Hoc|x64.Build.0 = Release|Any CPU
		{14CAB9DE-2537-46F6-B95B-4A3D4165872D}.Ad-Hoc|x86.ActiveCfg = Release|Any CPU
		{14CAB9DE-2537-46F6-B95B-4A3D4165872D}.Ad-Hoc|x86.Build.0 = Release|Any CPU
		{14CAB9DE-2537-46F6-B95B-4A3D4165872D}.AppStore|Any CPU.ActiveCfg = Release|Any CPU
		{14CAB9DE-2537-46F6-B95B-4A3D4165872D}.AppStore|Any CPU.Build.0 = Release|Any CPU
		{14CAB9DE-2537-46F6-B95B-4A3D4165872D}.AppStore|ARM.ActiveCfg = Release|Any CPU
		{14CAB9DE-2537-46F6-B95B-4A3D4165872D}.AppStore|ARM.Build.0 = Release|Any CPU
		{14CAB9DE-2537-46F6-B95B-4A3D4165872D}.AppStore|iPhone.ActiveCfg = Release|Any CPU
		{14CAB9DE-2537-46F6-B95B-4A3D4165872D}.AppStore|iPhone.Build.0 = Release|Any CPU
		{14CAB9DE-2537-46F6-B95B-4A3D4165872D}.AppStore|iPhoneSimulator.ActiveCfg = Release|Any CPU
		{14CAB9DE-2537-46F6-B95B-4A3D4165872D}.AppStore|iPhoneSimulator.Build.0 = Release|Any CPU
		{14CAB9DE-2537-46F6-B95B-4A3D4165872D}.AppStore|x64.ActiveCfg = Release|Any CPU
		{14CAB9DE-2537-46F6-B95B-4A3D4165872D}.AppStore|x64.Build.0 = Release|Any CPU
		{14CAB9DE-2537-46F6-B95B-4A3D4165872D}.AppStore|x86.ActiveCfg = Release|Any CPU
		{14CAB9DE-2537-46F6-B95B-4A3D4165872D}.AppStore|x86.Build.0 = Release|Any CPU
		{14CAB9DE-2537-46F6-B95B-4A3D4165872D}.Debug|Any CPU.ActiveCfg = Debug|Any CPU
		{14CAB9DE-2537-46F6-B95B-4A3D4165872D}.Debug|Any CPU.Build.0 = Debug|Any CPU
		{14CAB9DE-2537-46F6-B95B-4A3D4165872D}.Debug|ARM.ActiveCfg = Debug|Any CPU
		{14CAB9DE-2537-46F6-B95B-4A3D4165872D}.Debug|ARM.Build.0 = Debug|Any CPU
		{14CAB9DE-2537-46F6-B95B-4A3D4165872D}.Debug|iPhone.ActiveCfg = Debug|Any CPU
		{14CAB9DE-2537-46F6-B95B-4A3D4165872D}.Debug|iPhone.Build.0 = Debug|Any CPU
		{14CAB9DE-2537-46F6-B95B-4A3D4165872D}.Debug|iPhoneSimulator.ActiveCfg = Debug|Any CPU
		{14CAB9DE-2537-46F6-B95B-4A3D4165872D}.Debug|iPhoneSimulator.Build.0 = Debug|Any CPU
		{14CAB9DE-2537-46F6-B95B-4A3D4165872D}.Debug|x64.ActiveCfg = Debug|Any CPU
		{14CAB9DE-2537-46F6-B95B-4A3D4165872D}.Debug|x64.Build.0 = Debug|Any CPU
		{14CAB9DE-2537-46F6-B95B-4A3D4165872D}.Debug|x86.ActiveCfg = Debug|Any CPU
		{14CAB9DE-2537-46F6-B95B-4A3D4165872D}.Debug|x86.Build.0 = Debug|Any CPU
		{14CAB9DE-2537-46F6-B95B-4A3D4165872D}.Release|Any CPU.ActiveCfg = Release|Any CPU
		{14CAB9DE-2537-46F6-B95B-4A3D4165872D}.Release|Any CPU.Build.0 = Release|Any CPU
		{14CAB9DE-2537-46F6-B95B-4A3D4165872D}.Release|ARM.ActiveCfg = Release|Any CPU
		{14CAB9DE-2537-46F6-B95B-4A3D4165872D}.Release|ARM.Build.0 = Release|Any CPU
		{14CAB9DE-2537-46F6-B95B-4A3D4165872D}.Release|iPhone.ActiveCfg = Release|Any CPU
		{14CAB9DE-2537-46F6-B95B-4A3D4165872D}.Release|iPhone.Build.0 = Release|Any CPU
		{14CAB9DE-2537-46F6-B95B-4A3D4165872D}.Release|iPhoneSimulator.ActiveCfg = Release|Any CPU
		{14CAB9DE-2537-46F6-B95B-4A3D4165872D}.Release|iPhoneSimulator.Build.0 = Release|Any CPU
		{14CAB9DE-2537-46F6-B95B-4A3D4165872D}.Release|x64.ActiveCfg = Release|Any CPU
		{14CAB9DE-2537-46F6-B95B-4A3D4165872D}.Release|x64.Build.0 = Release|Any CPU
		{14CAB9DE-2537-46F6-B95B-4A3D4165872D}.Release|x86.ActiveCfg = Release|Any CPU
		{14CAB9DE-2537-46F6-B95B-4A3D4165872D}.Release|x86.Build.0 = Release|Any CPU
		{2E4F42AC-0579-4001-801E-426DB9CE4D97}.Ad-Hoc|Any CPU.ActiveCfg = Release|Any CPU
		{2E4F42AC-0579-4001-801E-426DB9CE4D97}.Ad-Hoc|Any CPU.Build.0 = Release|Any CPU
		{2E4F42AC-0579-4001-801E-426DB9CE4D97}.Ad-Hoc|Any CPU.Deploy.0 = Release|Any CPU
		{2E4F42AC-0579-4001-801E-426DB9CE4D97}.Ad-Hoc|ARM.ActiveCfg = Release|Any CPU
		{2E4F42AC-0579-4001-801E-426DB9CE4D97}.Ad-Hoc|ARM.Build.0 = Release|Any CPU
		{2E4F42AC-0579-4001-801E-426DB9CE4D97}.Ad-Hoc|ARM.Deploy.0 = Release|Any CPU
		{2E4F42AC-0579-4001-801E-426DB9CE4D97}.Ad-Hoc|iPhone.ActiveCfg = Release|Any CPU
		{2E4F42AC-0579-4001-801E-426DB9CE4D97}.Ad-Hoc|iPhone.Build.0 = Release|Any CPU
		{2E4F42AC-0579-4001-801E-426DB9CE4D97}.Ad-Hoc|iPhone.Deploy.0 = Release|Any CPU
		{2E4F42AC-0579-4001-801E-426DB9CE4D97}.Ad-Hoc|iPhoneSimulator.ActiveCfg = Release|Any CPU
		{2E4F42AC-0579-4001-801E-426DB9CE4D97}.Ad-Hoc|iPhoneSimulator.Build.0 = Release|Any CPU
		{2E4F42AC-0579-4001-801E-426DB9CE4D97}.Ad-Hoc|iPhoneSimulator.Deploy.0 = Release|Any CPU
		{2E4F42AC-0579-4001-801E-426DB9CE4D97}.Ad-Hoc|x64.ActiveCfg = Release|Any CPU
		{2E4F42AC-0579-4001-801E-426DB9CE4D97}.Ad-Hoc|x64.Build.0 = Release|Any CPU
		{2E4F42AC-0579-4001-801E-426DB9CE4D97}.Ad-Hoc|x64.Deploy.0 = Release|Any CPU
		{2E4F42AC-0579-4001-801E-426DB9CE4D97}.Ad-Hoc|x86.ActiveCfg = Release|Any CPU
		{2E4F42AC-0579-4001-801E-426DB9CE4D97}.Ad-Hoc|x86.Build.0 = Release|Any CPU
		{2E4F42AC-0579-4001-801E-426DB9CE4D97}.Ad-Hoc|x86.Deploy.0 = Release|Any CPU
		{2E4F42AC-0579-4001-801E-426DB9CE4D97}.AppStore|Any CPU.ActiveCfg = Release|Any CPU
		{2E4F42AC-0579-4001-801E-426DB9CE4D97}.AppStore|Any CPU.Build.0 = Release|Any CPU
		{2E4F42AC-0579-4001-801E-426DB9CE4D97}.AppStore|Any CPU.Deploy.0 = Release|Any CPU
		{2E4F42AC-0579-4001-801E-426DB9CE4D97}.AppStore|ARM.ActiveCfg = Release|Any CPU
		{2E4F42AC-0579-4001-801E-426DB9CE4D97}.AppStore|ARM.Build.0 = Release|Any CPU
		{2E4F42AC-0579-4001-801E-426DB9CE4D97}.AppStore|ARM.Deploy.0 = Release|Any CPU
		{2E4F42AC-0579-4001-801E-426DB9CE4D97}.AppStore|iPhone.ActiveCfg = Release|Any CPU
		{2E4F42AC-0579-4001-801E-426DB9CE4D97}.AppStore|iPhone.Build.0 = Release|Any CPU
		{2E4F42AC-0579-4001-801E-426DB9CE4D97}.AppStore|iPhone.Deploy.0 = Release|Any CPU
		{2E4F42AC-0579-4001-801E-426DB9CE4D97}.AppStore|iPhoneSimulator.ActiveCfg = Release|Any CPU
		{2E4F42AC-0579-4001-801E-426DB9CE4D97}.AppStore|iPhoneSimulator.Build.0 = Release|Any CPU
		{2E4F42AC-0579-4001-801E-426DB9CE4D97}.AppStore|iPhoneSimulator.Deploy.0 = Release|Any CPU
		{2E4F42AC-0579-4001-801E-426DB9CE4D97}.AppStore|x64.ActiveCfg = Release|Any CPU
		{2E4F42AC-0579-4001-801E-426DB9CE4D97}.AppStore|x64.Build.0 = Release|Any CPU
		{2E4F42AC-0579-4001-801E-426DB9CE4D97}.AppStore|x64.Deploy.0 = Release|Any CPU
		{2E4F42AC-0579-4001-801E-426DB9CE4D97}.AppStore|x86.ActiveCfg = Release|Any CPU
		{2E4F42AC-0579-4001-801E-426DB9CE4D97}.AppStore|x86.Build.0 = Release|Any CPU
		{2E4F42AC-0579-4001-801E-426DB9CE4D97}.AppStore|x86.Deploy.0 = Release|Any CPU
		{2E4F42AC-0579-4001-801E-426DB9CE4D97}.Debug|Any CPU.ActiveCfg = Debug|Any CPU
		{2E4F42AC-0579-4001-801E-426DB9CE4D97}.Debug|Any CPU.Build.0 = Debug|Any CPU
		{2E4F42AC-0579-4001-801E-426DB9CE4D97}.Debug|Any CPU.Deploy.0 = Debug|Any CPU
		{2E4F42AC-0579-4001-801E-426DB9CE4D97}.Debug|ARM.ActiveCfg = Debug|Any CPU
		{2E4F42AC-0579-4001-801E-426DB9CE4D97}.Debug|ARM.Build.0 = Debug|Any CPU
		{2E4F42AC-0579-4001-801E-426DB9CE4D97}.Debug|ARM.Deploy.0 = Debug|Any CPU
		{2E4F42AC-0579-4001-801E-426DB9CE4D97}.Debug|iPhone.ActiveCfg = Debug|Any CPU
		{2E4F42AC-0579-4001-801E-426DB9CE4D97}.Debug|iPhone.Build.0 = Debug|Any CPU
		{2E4F42AC-0579-4001-801E-426DB9CE4D97}.Debug|iPhone.Deploy.0 = Debug|Any CPU
		{2E4F42AC-0579-4001-801E-426DB9CE4D97}.Debug|iPhoneSimulator.ActiveCfg = Debug|Any CPU
		{2E4F42AC-0579-4001-801E-426DB9CE4D97}.Debug|iPhoneSimulator.Build.0 = Debug|Any CPU
		{2E4F42AC-0579-4001-801E-426DB9CE4D97}.Debug|iPhoneSimulator.Deploy.0 = Debug|Any CPU
		{2E4F42AC-0579-4001-801E-426DB9CE4D97}.Debug|x64.ActiveCfg = Debug|Any CPU
		{2E4F42AC-0579-4001-801E-426DB9CE4D97}.Debug|x64.Build.0 = Debug|Any CPU
		{2E4F42AC-0579-4001-801E-426DB9CE4D97}.Debug|x64.Deploy.0 = Debug|Any CPU
		{2E4F42AC-0579-4001-801E-426DB9CE4D97}.Debug|x86.ActiveCfg = Debug|Any CPU
		{2E4F42AC-0579-4001-801E-426DB9CE4D97}.Debug|x86.Build.0 = Debug|Any CPU
		{2E4F42AC-0579-4001-801E-426DB9CE4D97}.Debug|x86.Deploy.0 = Debug|Any CPU
		{2E4F42AC-0579-4001-801E-426DB9CE4D97}.Release|Any CPU.ActiveCfg = Release|Any CPU
		{2E4F42AC-0579-4001-801E-426DB9CE4D97}.Release|Any CPU.Build.0 = Release|Any CPU
		{2E4F42AC-0579-4001-801E-426DB9CE4D97}.Release|Any CPU.Deploy.0 = Release|Any CPU
		{2E4F42AC-0579-4001-801E-426DB9CE4D97}.Release|ARM.ActiveCfg = Release|Any CPU
		{2E4F42AC-0579-4001-801E-426DB9CE4D97}.Release|ARM.Build.0 = Release|Any CPU
		{2E4F42AC-0579-4001-801E-426DB9CE4D97}.Release|ARM.Deploy.0 = Release|Any CPU
		{2E4F42AC-0579-4001-801E-426DB9CE4D97}.Release|iPhone.ActiveCfg = Release|Any CPU
		{2E4F42AC-0579-4001-801E-426DB9CE4D97}.Release|iPhone.Build.0 = Release|Any CPU
		{2E4F42AC-0579-4001-801E-426DB9CE4D97}.Release|iPhone.Deploy.0 = Release|Any CPU
		{2E4F42AC-0579-4001-801E-426DB9CE4D97}.Release|iPhoneSimulator.ActiveCfg = Release|Any CPU
		{2E4F42AC-0579-4001-801E-426DB9CE4D97}.Release|iPhoneSimulator.Build.0 = Release|Any CPU
		{2E4F42AC-0579-4001-801E-426DB9CE4D97}.Release|iPhoneSimulator.Deploy.0 = Release|Any CPU
		{2E4F42AC-0579-4001-801E-426DB9CE4D97}.Release|x64.ActiveCfg = Release|Any CPU
		{2E4F42AC-0579-4001-801E-426DB9CE4D97}.Release|x64.Build.0 = Release|Any CPU
		{2E4F42AC-0579-4001-801E-426DB9CE4D97}.Release|x64.Deploy.0 = Release|Any CPU
		{2E4F42AC-0579-4001-801E-426DB9CE4D97}.Release|x86.ActiveCfg = Release|Any CPU
		{2E4F42AC-0579-4001-801E-426DB9CE4D97}.Release|x86.Build.0 = Release|Any CPU
		{2E4F42AC-0579-4001-801E-426DB9CE4D97}.Release|x86.Deploy.0 = Release|Any CPU
		{6FE94958-58F3-4372-857B-3C94B93B80AD}.Ad-Hoc|Any CPU.ActiveCfg = Ad-Hoc|iPhone
		{6FE94958-58F3-4372-857B-3C94B93B80AD}.Ad-Hoc|ARM.ActiveCfg = Ad-Hoc|iPhone
		{6FE94958-58F3-4372-857B-3C94B93B80AD}.Ad-Hoc|iPhone.ActiveCfg = Ad-Hoc|iPhone
		{6FE94958-58F3-4372-857B-3C94B93B80AD}.Ad-Hoc|iPhone.Build.0 = Ad-Hoc|iPhone
		{6FE94958-58F3-4372-857B-3C94B93B80AD}.Ad-Hoc|iPhoneSimulator.ActiveCfg = Ad-Hoc|iPhoneSimulator
		{6FE94958-58F3-4372-857B-3C94B93B80AD}.Ad-Hoc|iPhoneSimulator.Build.0 = Ad-Hoc|iPhoneSimulator
		{6FE94958-58F3-4372-857B-3C94B93B80AD}.Ad-Hoc|x64.ActiveCfg = Ad-Hoc|iPhone
		{6FE94958-58F3-4372-857B-3C94B93B80AD}.Ad-Hoc|x86.ActiveCfg = Ad-Hoc|iPhone
		{6FE94958-58F3-4372-857B-3C94B93B80AD}.AppStore|Any CPU.ActiveCfg = AppStore|iPhone
		{6FE94958-58F3-4372-857B-3C94B93B80AD}.AppStore|ARM.ActiveCfg = AppStore|iPhone
		{6FE94958-58F3-4372-857B-3C94B93B80AD}.AppStore|iPhone.ActiveCfg = AppStore|iPhone
		{6FE94958-58F3-4372-857B-3C94B93B80AD}.AppStore|iPhone.Build.0 = AppStore|iPhone
		{6FE94958-58F3-4372-857B-3C94B93B80AD}.AppStore|iPhoneSimulator.ActiveCfg = AppStore|iPhoneSimulator
		{6FE94958-58F3-4372-857B-3C94B93B80AD}.AppStore|iPhoneSimulator.Build.0 = AppStore|iPhoneSimulator
		{6FE94958-58F3-4372-857B-3C94B93B80AD}.AppStore|x64.ActiveCfg = AppStore|iPhone
		{6FE94958-58F3-4372-857B-3C94B93B80AD}.AppStore|x86.ActiveCfg = AppStore|iPhone
		{6FE94958-58F3-4372-857B-3C94B93B80AD}.Debug|Any CPU.ActiveCfg = Debug|iPhone
		{6FE94958-58F3-4372-857B-3C94B93B80AD}.Debug|ARM.ActiveCfg = Debug|iPhone
		{6FE94958-58F3-4372-857B-3C94B93B80AD}.Debug|iPhone.ActiveCfg = Debug|iPhone
		{6FE94958-58F3-4372-857B-3C94B93B80AD}.Debug|iPhone.Build.0 = Debug|iPhone
		{6FE94958-58F3-4372-857B-3C94B93B80AD}.Debug|iPhoneSimulator.ActiveCfg = Debug|iPhoneSimulator
		{6FE94958-58F3-4372-857B-3C94B93B80AD}.Debug|iPhoneSimulator.Build.0 = Debug|iPhoneSimulator
		{6FE94958-58F3-4372-857B-3C94B93B80AD}.Debug|x64.ActiveCfg = Debug|iPhone
		{6FE94958-58F3-4372-857B-3C94B93B80AD}.Debug|x86.ActiveCfg = Debug|iPhone
		{6FE94958-58F3-4372-857B-3C94B93B80AD}.Release|Any CPU.ActiveCfg = Release|iPhone
		{6FE94958-58F3-4372-857B-3C94B93B80AD}.Release|ARM.ActiveCfg = Release|iPhone
		{6FE94958-58F3-4372-857B-3C94B93B80AD}.Release|iPhone.ActiveCfg = Release|iPhone
		{6FE94958-58F3-4372-857B-3C94B93B80AD}.Release|iPhone.Build.0 = Release|iPhone
		{6FE94958-58F3-4372-857B-3C94B93B80AD}.Release|iPhoneSimulator.ActiveCfg = Release|iPhoneSimulator
		{6FE94958-58F3-4372-857B-3C94B93B80AD}.Release|iPhoneSimulator.Build.0 = Release|iPhoneSimulator
		{6FE94958-58F3-4372-857B-3C94B93B80AD}.Release|x64.ActiveCfg = Release|iPhone
		{6FE94958-58F3-4372-857B-3C94B93B80AD}.Release|x86.ActiveCfg = Release|iPhone
		{579234F9-40E2-49A3-8027-87356C519736}.Ad-Hoc|Any CPU.ActiveCfg = Release|Any CPU
		{579234F9-40E2-49A3-8027-87356C519736}.Ad-Hoc|Any CPU.Build.0 = Release|Any CPU
		{579234F9-40E2-49A3-8027-87356C519736}.Ad-Hoc|Any CPU.Deploy.0 = Release|Any CPU
		{579234F9-40E2-49A3-8027-87356C519736}.Ad-Hoc|ARM.ActiveCfg = Release|ARM
		{579234F9-40E2-49A3-8027-87356C519736}.Ad-Hoc|ARM.Build.0 = Release|ARM
		{579234F9-40E2-49A3-8027-87356C519736}.Ad-Hoc|ARM.Deploy.0 = Release|ARM
		{579234F9-40E2-49A3-8027-87356C519736}.Ad-Hoc|iPhone.ActiveCfg = Release|Any CPU
		{579234F9-40E2-49A3-8027-87356C519736}.Ad-Hoc|iPhone.Build.0 = Release|Any CPU
		{579234F9-40E2-49A3-8027-87356C519736}.Ad-Hoc|iPhone.Deploy.0 = Release|Any CPU
		{579234F9-40E2-49A3-8027-87356C519736}.Ad-Hoc|iPhoneSimulator.ActiveCfg = Release|Any CPU
		{579234F9-40E2-49A3-8027-87356C519736}.Ad-Hoc|iPhoneSimulator.Build.0 = Release|Any CPU
		{579234F9-40E2-49A3-8027-87356C519736}.Ad-Hoc|iPhoneSimulator.Deploy.0 = Release|Any CPU
		{579234F9-40E2-49A3-8027-87356C519736}.Ad-Hoc|x64.ActiveCfg = Release|Any CPU
		{579234F9-40E2-49A3-8027-87356C519736}.Ad-Hoc|x64.Build.0 = Release|Any CPU
		{579234F9-40E2-49A3-8027-87356C519736}.Ad-Hoc|x64.Deploy.0 = Release|Any CPU
		{579234F9-40E2-49A3-8027-87356C519736}.Ad-Hoc|x86.ActiveCfg = Release|x86
		{579234F9-40E2-49A3-8027-87356C519736}.Ad-Hoc|x86.Build.0 = Release|x86
		{579234F9-40E2-49A3-8027-87356C519736}.Ad-Hoc|x86.Deploy.0 = Release|x86
		{579234F9-40E2-49A3-8027-87356C519736}.AppStore|Any CPU.ActiveCfg = Release|Any CPU
		{579234F9-40E2-49A3-8027-87356C519736}.AppStore|Any CPU.Build.0 = Release|Any CPU
		{579234F9-40E2-49A3-8027-87356C519736}.AppStore|Any CPU.Deploy.0 = Release|Any CPU
		{579234F9-40E2-49A3-8027-87356C519736}.AppStore|ARM.ActiveCfg = Release|ARM
		{579234F9-40E2-49A3-8027-87356C519736}.AppStore|ARM.Build.0 = Release|ARM
		{579234F9-40E2-49A3-8027-87356C519736}.AppStore|ARM.Deploy.0 = Release|ARM
		{579234F9-40E2-49A3-8027-87356C519736}.AppStore|iPhone.ActiveCfg = Release|Any CPU
		{579234F9-40E2-49A3-8027-87356C519736}.AppStore|iPhone.Build.0 = Release|Any CPU
		{579234F9-40E2-49A3-8027-87356C519736}.AppStore|iPhone.Deploy.0 = Release|Any CPU
		{579234F9-40E2-49A3-8027-87356C519736}.AppStore|iPhoneSimulator.ActiveCfg = Release|Any CPU
		{579234F9-40E2-49A3-8027-87356C519736}.AppStore|iPhoneSimulator.Build.0 = Release|Any CPU
		{579234F9-40E2-49A3-8027-87356C519736}.AppStore|iPhoneSimulator.Deploy.0 = Release|Any CPU
		{579234F9-40E2-49A3-8027-87356C519736}.AppStore|x64.ActiveCfg = Release|Any CPU
		{579234F9-40E2-49A3-8027-87356C519736}.AppStore|x64.Build.0 = Release|Any CPU
		{579234F9-40E2-49A3-8027-87356C519736}.AppStore|x64.Deploy.0 = Release|Any CPU
		{579234F9-40E2-49A3-8027-87356C519736}.AppStore|x86.ActiveCfg = Release|x86
		{579234F9-40E2-49A3-8027-87356C519736}.AppStore|x86.Build.0 = Release|x86
		{579234F9-40E2-49A3-8027-87356C519736}.AppStore|x86.Deploy.0 = Release|x86
		{579234F9-40E2-49A3-8027-87356C519736}.Debug|Any CPU.ActiveCfg = Debug|Any CPU
		{579234F9-40E2-49A3-8027-87356C519736}.Debug|Any CPU.Build.0 = Debug|Any CPU
		{579234F9-40E2-49A3-8027-87356C519736}.Debug|Any CPU.Deploy.0 = Debug|Any CPU
		{579234F9-40E2-49A3-8027-87356C519736}.Debug|ARM.ActiveCfg = Debug|ARM
		{579234F9-40E2-49A3-8027-87356C519736}.Debug|ARM.Build.0 = Debug|ARM
		{579234F9-40E2-49A3-8027-87356C519736}.Debug|ARM.Deploy.0 = Debug|ARM
		{579234F9-40E2-49A3-8027-87356C519736}.Debug|iPhone.ActiveCfg = Debug|Any CPU
		{579234F9-40E2-49A3-8027-87356C519736}.Debug|iPhone.Build.0 = Debug|Any CPU
		{579234F9-40E2-49A3-8027-87356C519736}.Debug|iPhone.Deploy.0 = Debug|Any CPU
		{579234F9-40E2-49A3-8027-87356C519736}.Debug|iPhoneSimulator.ActiveCfg = Debug|Any CPU
		{579234F9-40E2-49A3-8027-87356C519736}.Debug|iPhoneSimulator.Build.0 = Debug|Any CPU
		{579234F9-40E2-49A3-8027-87356C519736}.Debug|iPhoneSimulator.Deploy.0 = Debug|Any CPU
		{579234F9-40E2-49A3-8027-87356C519736}.Debug|x64.ActiveCfg = Debug|Any CPU
		{579234F9-40E2-49A3-8027-87356C519736}.Debug|x64.Build.0 = Debug|Any CPU
		{579234F9-40E2-49A3-8027-87356C519736}.Debug|x64.Deploy.0 = Debug|Any CPU
		{579234F9-40E2-49A3-8027-87356C519736}.Debug|x86.ActiveCfg = Debug|x86
		{579234F9-40E2-49A3-8027-87356C519736}.Debug|x86.Build.0 = Debug|x86
		{579234F9-40E2-49A3-8027-87356C519736}.Debug|x86.Deploy.0 = Debug|x86
		{579234F9-40E2-49A3-8027-87356C519736}.Release|Any CPU.ActiveCfg = Release|Any CPU
		{579234F9-40E2-49A3-8027-87356C519736}.Release|Any CPU.Build.0 = Release|Any CPU
		{579234F9-40E2-49A3-8027-87356C519736}.Release|Any CPU.Deploy.0 = Release|Any CPU
		{579234F9-40E2-49A3-8027-87356C519736}.Release|ARM.ActiveCfg = Release|ARM
		{579234F9-40E2-49A3-8027-87356C519736}.Release|ARM.Build.0 = Release|ARM
		{579234F9-40E2-49A3-8027-87356C519736}.Release|ARM.Deploy.0 = Release|ARM
		{579234F9-40E2-49A3-8027-87356C519736}.Release|iPhone.ActiveCfg = Release|Any CPU
		{579234F9-40E2-49A3-8027-87356C519736}.Release|iPhone.Build.0 = Release|Any CPU
		{579234F9-40E2-49A3-8027-87356C519736}.Release|iPhone.Deploy.0 = Release|Any CPU
		{579234F9-40E2-49A3-8027-87356C519736}.Release|iPhoneSimulator.ActiveCfg = Release|Any CPU
		{579234F9-40E2-49A3-8027-87356C519736}.Release|iPhoneSimulator.Build.0 = Release|Any CPU
		{579234F9-40E2-49A3-8027-87356C519736}.Release|iPhoneSimulator.Deploy.0 = Release|Any CPU
		{579234F9-40E2-49A3-8027-87356C519736}.Release|x64.ActiveCfg = Release|Any CPU
		{579234F9-40E2-49A3-8027-87356C519736}.Release|x64.Build.0 = Release|Any CPU
		{579234F9-40E2-49A3-8027-87356C519736}.Release|x64.Deploy.0 = Release|Any CPU
		{579234F9-40E2-49A3-8027-87356C519736}.Release|x86.ActiveCfg = Release|x86
		{579234F9-40E2-49A3-8027-87356C519736}.Release|x86.Build.0 = Release|x86
		{579234F9-40E2-49A3-8027-87356C519736}.Release|x86.Deploy.0 = Release|x86
		{7C902F2E-CF71-4709-93C3-82E1594589C9}.Ad-Hoc|Any CPU.ActiveCfg = Release|Any CPU
		{7C902F2E-CF71-4709-93C3-82E1594589C9}.Ad-Hoc|Any CPU.Build.0 = Release|Any CPU
		{7C902F2E-CF71-4709-93C3-82E1594589C9}.Ad-Hoc|Any CPU.Deploy.0 = Release|Any CPU
		{7C902F2E-CF71-4709-93C3-82E1594589C9}.Ad-Hoc|ARM.ActiveCfg = Release|ARM
		{7C902F2E-CF71-4709-93C3-82E1594589C9}.Ad-Hoc|ARM.Build.0 = Release|ARM
		{7C902F2E-CF71-4709-93C3-82E1594589C9}.Ad-Hoc|ARM.Deploy.0 = Release|ARM
		{7C902F2E-CF71-4709-93C3-82E1594589C9}.Ad-Hoc|iPhone.ActiveCfg = Release|Any CPU
		{7C902F2E-CF71-4709-93C3-82E1594589C9}.Ad-Hoc|iPhone.Build.0 = Release|Any CPU
		{7C902F2E-CF71-4709-93C3-82E1594589C9}.Ad-Hoc|iPhone.Deploy.0 = Release|Any CPU
		{7C902F2E-CF71-4709-93C3-82E1594589C9}.Ad-Hoc|iPhoneSimulator.ActiveCfg = Release|Any CPU
		{7C902F2E-CF71-4709-93C3-82E1594589C9}.Ad-Hoc|iPhoneSimulator.Build.0 = Release|Any CPU
		{7C902F2E-CF71-4709-93C3-82E1594589C9}.Ad-Hoc|iPhoneSimulator.Deploy.0 = Release|Any CPU
		{7C902F2E-CF71-4709-93C3-82E1594589C9}.Ad-Hoc|x64.ActiveCfg = Release|x64
		{7C902F2E-CF71-4709-93C3-82E1594589C9}.Ad-Hoc|x64.Build.0 = Release|x64
		{7C902F2E-CF71-4709-93C3-82E1594589C9}.Ad-Hoc|x64.Deploy.0 = Release|x64
		{7C902F2E-CF71-4709-93C3-82E1594589C9}.Ad-Hoc|x86.ActiveCfg = Release|x86
		{7C902F2E-CF71-4709-93C3-82E1594589C9}.Ad-Hoc|x86.Build.0 = Release|x86
		{7C902F2E-CF71-4709-93C3-82E1594589C9}.Ad-Hoc|x86.Deploy.0 = Release|x86
		{7C902F2E-CF71-4709-93C3-82E1594589C9}.AppStore|Any CPU.ActiveCfg = Release|Any CPU
		{7C902F2E-CF71-4709-93C3-82E1594589C9}.AppStore|Any CPU.Build.0 = Release|Any CPU
		{7C902F2E-CF71-4709-93C3-82E1594589C9}.AppStore|Any CPU.Deploy.0 = Release|Any CPU
		{7C902F2E-CF71-4709-93C3-82E1594589C9}.AppStore|ARM.ActiveCfg = Release|ARM
		{7C902F2E-CF71-4709-93C3-82E1594589C9}.AppStore|ARM.Build.0 = Release|ARM
		{7C902F2E-CF71-4709-93C3-82E1594589C9}.AppStore|ARM.Deploy.0 = Release|ARM
		{7C902F2E-CF71-4709-93C3-82E1594589C9}.AppStore|iPhone.ActiveCfg = Release|Any CPU
		{7C902F2E-CF71-4709-93C3-82E1594589C9}.AppStore|iPhone.Build.0 = Release|Any CPU
		{7C902F2E-CF71-4709-93C3-82E1594589C9}.AppStore|iPhone.Deploy.0 = Release|Any CPU
		{7C902F2E-CF71-4709-93C3-82E1594589C9}.AppStore|iPhoneSimulator.ActiveCfg = Release|Any CPU
		{7C902F2E-CF71-4709-93C3-82E1594589C9}.AppStore|iPhoneSimulator.Build.0 = Release|Any CPU
		{7C902F2E-CF71-4709-93C3-82E1594589C9}.AppStore|iPhoneSimulator.Deploy.0 = Release|Any CPU
		{7C902F2E-CF71-4709-93C3-82E1594589C9}.AppStore|x64.ActiveCfg = Release|x64
		{7C902F2E-CF71-4709-93C3-82E1594589C9}.AppStore|x64.Build.0 = Release|x64
		{7C902F2E-CF71-4709-93C3-82E1594589C9}.AppStore|x64.Deploy.0 = Release|x64
		{7C902F2E-CF71-4709-93C3-82E1594589C9}.AppStore|x86.ActiveCfg = Release|x86
		{7C902F2E-CF71-4709-93C3-82E1594589C9}.AppStore|x86.Build.0 = Release|x86
		{7C902F2E-CF71-4709-93C3-82E1594589C9}.AppStore|x86.Deploy.0 = Release|x86
		{7C902F2E-CF71-4709-93C3-82E1594589C9}.Debug|Any CPU.ActiveCfg = Debug|Any CPU
		{7C902F2E-CF71-4709-93C3-82E1594589C9}.Debug|Any CPU.Build.0 = Debug|Any CPU
		{7C902F2E-CF71-4709-93C3-82E1594589C9}.Debug|Any CPU.Deploy.0 = Debug|Any CPU
		{7C902F2E-CF71-4709-93C3-82E1594589C9}.Debug|ARM.ActiveCfg = Debug|ARM
		{7C902F2E-CF71-4709-93C3-82E1594589C9}.Debug|ARM.Build.0 = Debug|ARM
		{7C902F2E-CF71-4709-93C3-82E1594589C9}.Debug|ARM.Deploy.0 = Debug|ARM
		{7C902F2E-CF71-4709-93C3-82E1594589C9}.Debug|iPhone.ActiveCfg = Debug|Any CPU
		{7C902F2E-CF71-4709-93C3-82E1594589C9}.Debug|iPhone.Build.0 = Debug|Any CPU
		{7C902F2E-CF71-4709-93C3-82E1594589C9}.Debug|iPhone.Deploy.0 = Debug|Any CPU
		{7C902F2E-CF71-4709-93C3-82E1594589C9}.Debug|iPhoneSimulator.ActiveCfg = Debug|Any CPU
		{7C902F2E-CF71-4709-93C3-82E1594589C9}.Debug|iPhoneSimulator.Build.0 = Debug|Any CPU
		{7C902F2E-CF71-4709-93C3-82E1594589C9}.Debug|iPhoneSimulator.Deploy.0 = Debug|Any CPU
		{7C902F2E-CF71-4709-93C3-82E1594589C9}.Debug|x64.ActiveCfg = Debug|x64
		{7C902F2E-CF71-4709-93C3-82E1594589C9}.Debug|x64.Build.0 = Debug|x64
		{7C902F2E-CF71-4709-93C3-82E1594589C9}.Debug|x64.Deploy.0 = Debug|x64
		{7C902F2E-CF71-4709-93C3-82E1594589C9}.Debug|x86.ActiveCfg = Debug|x86
		{7C902F2E-CF71-4709-93C3-82E1594589C9}.Debug|x86.Build.0 = Debug|x86
		{7C902F2E-CF71-4709-93C3-82E1594589C9}.Debug|x86.Deploy.0 = Debug|x86
		{7C902F2E-CF71-4709-93C3-82E1594589C9}.Release|Any CPU.ActiveCfg = Release|Any CPU
		{7C902F2E-CF71-4709-93C3-82E1594589C9}.Release|Any CPU.Build.0 = Release|Any CPU
		{7C902F2E-CF71-4709-93C3-82E1594589C9}.Release|Any CPU.Deploy.0 = Release|Any CPU
		{7C902F2E-CF71-4709-93C3-82E1594589C9}.Release|ARM.ActiveCfg = Release|ARM
		{7C902F2E-CF71-4709-93C3-82E1594589C9}.Release|ARM.Build.0 = Release|ARM
		{7C902F2E-CF71-4709-93C3-82E1594589C9}.Release|ARM.Deploy.0 = Release|ARM
		{7C902F2E-CF71-4709-93C3-82E1594589C9}.Release|iPhone.ActiveCfg = Release|Any CPU
		{7C902F2E-CF71-4709-93C3-82E1594589C9}.Release|iPhone.Build.0 = Release|Any CPU
		{7C902F2E-CF71-4709-93C3-82E1594589C9}.Release|iPhone.Deploy.0 = Release|Any CPU
		{7C902F2E-CF71-4709-93C3-82E1594589C9}.Release|iPhoneSimulator.ActiveCfg = Release|Any CPU
		{7C902F2E-CF71-4709-93C3-82E1594589C9}.Release|iPhoneSimulator.Build.0 = Release|Any CPU
		{7C902F2E-CF71-4709-93C3-82E1594589C9}.Release|iPhoneSimulator.Deploy.0 = Release|Any CPU
		{7C902F2E-CF71-4709-93C3-82E1594589C9}.Release|x64.ActiveCfg = Release|x64
		{7C902F2E-CF71-4709-93C3-82E1594589C9}.Release|x64.Build.0 = Release|x64
		{7C902F2E-CF71-4709-93C3-82E1594589C9}.Release|x64.Deploy.0 = Release|x64
		{7C902F2E-CF71-4709-93C3-82E1594589C9}.Release|x86.ActiveCfg = Release|x86
		{7C902F2E-CF71-4709-93C3-82E1594589C9}.Release|x86.Build.0 = Release|x86
		{7C902F2E-CF71-4709-93C3-82E1594589C9}.Release|x86.Deploy.0 = Release|x86
	EndGlobalSection
	GlobalSection(SolutionProperties) = preSolution
		HideSolutionNode = FALSE
	EndGlobalSection
EndGlobal
